// !$*UTF8*$!
{
	archiveVersion = 1;
	classes = {
	};
	objectVersion = 46;
	objects = {

/* Begin PBXBuildFile section */
		92548F251E8BFFBE006F21A2 /* AppDelegate.swift in Sources */ = {isa = PBXBuildFile; fileRef = 92548F241E8BFFBE006F21A2 /* AppDelegate.swift */; };
		92548F271E8BFFBE006F21A2 /* MainVC.swift in Sources */ = {isa = PBXBuildFile; fileRef = 92548F261E8BFFBE006F21A2 /* MainVC.swift */; };
		92548F2A1E8BFFBE006F21A2 /* Main.storyboard in Resources */ = {isa = PBXBuildFile; fileRef = 92548F281E8BFFBE006F21A2 /* Main.storyboard */; };
		92548F2D1E8BFFBE006F21A2 /* DreamLister.xcdatamodeld in Sources */ = {isa = PBXBuildFile; fileRef = 92548F2B1E8BFFBE006F21A2 /* DreamLister.xcdatamodeld */; };
		92548F2F1E8BFFBE006F21A2 /* Assets.xcassets in Resources */ = {isa = PBXBuildFile; fileRef = 92548F2E1E8BFFBE006F21A2 /* Assets.xcassets */; };
		92548F321E8BFFBE006F21A2 /* LaunchScreen.storyboard in Resources */ = {isa = PBXBuildFile; fileRef = 92548F301E8BFFBE006F21A2 /* LaunchScreen.storyboard */; };
		929813911E8C0A620002E300 /* Store+CoreDataClass.swift in Sources */ = {isa = PBXBuildFile; fileRef = 929813891E8C0A620002E300 /* Store+CoreDataClass.swift */; };
		929813921E8C0A620002E300 /* Store+CoreDataProperties.swift in Sources */ = {isa = PBXBuildFile; fileRef = 9298138A1E8C0A620002E300 /* Store+CoreDataProperties.swift */; };
		929813931E8C0A620002E300 /* ItemType+CoreDataClass.swift in Sources */ = {isa = PBXBuildFile; fileRef = 9298138B1E8C0A620002E300 /* ItemType+CoreDataClass.swift */; };
		929813941E8C0A620002E300 /* ItemType+CoreDataProperties.swift in Sources */ = {isa = PBXBuildFile; fileRef = 9298138C1E8C0A620002E300 /* ItemType+CoreDataProperties.swift */; };
		929813951E8C0A620002E300 /* Image+CoreDataClass.swift in Sources */ = {isa = PBXBuildFile; fileRef = 9298138D1E8C0A620002E300 /* Image+CoreDataClass.swift */; };
		929813961E8C0A620002E300 /* Image+CoreDataProperties.swift in Sources */ = {isa = PBXBuildFile; fileRef = 9298138E1E8C0A620002E300 /* Image+CoreDataProperties.swift */; };
		929813971E8C0A620002E300 /* Item+CoreDataClass.swift in Sources */ = {isa = PBXBuildFile; fileRef = 9298138F1E8C0A620002E300 /* Item+CoreDataClass.swift */; };
		929813981E8C0A620002E300 /* Item+CoreDataProperties.swift in Sources */ = {isa = PBXBuildFile; fileRef = 929813901E8C0A620002E300 /* Item+CoreDataProperties.swift */; };
		9298139D1E8C2CD30002E300 /* MaterialView.swift in Sources */ = {isa = PBXBuildFile; fileRef = 9298139C1E8C2CD30002E300 /* MaterialView.swift */; };
		9298139F1E8C357C0002E300 /* ItemCell.swift in Sources */ = {isa = PBXBuildFile; fileRef = 9298139E1E8C357C0002E300 /* ItemCell.swift */; };
		929813A21E8C60AE0002E300 /* ItemDetailsVC.swift in Sources */ = {isa = PBXBuildFile; fileRef = 929813A11E8C60AE0002E300 /* ItemDetailsVC.swift */; };
		929813A41E8C63F10002E300 /* CustomTextField.swift in Sources */ = {isa = PBXBuildFile; fileRef = 929813A31E8C63F10002E300 /* CustomTextField.swift */; };
/* End PBXBuildFile section */

/* Begin PBXFileReference section */
		92548F211E8BFFBE006F21A2 /* DreamLister.app */ = {isa = PBXFileReference; explicitFileType = wrapper.application; includeInIndex = 0; path = DreamLister.app; sourceTree = BUILT_PRODUCTS_DIR; };
		92548F241E8BFFBE006F21A2 /* AppDelegate.swift */ = {isa = PBXFileReference; lastKnownFileType = sourcecode.swift; path = AppDelegate.swift; sourceTree = "<group>"; };
		92548F261E8BFFBE006F21A2 /* MainVC.swift */ = {isa = PBXFileReference; lastKnownFileType = sourcecode.swift; path = MainVC.swift; sourceTree = "<group>"; };
		92548F291E8BFFBE006F21A2 /* Base */ = {isa = PBXFileReference; lastKnownFileType = file.storyboard; name = Base; path = Base.lproj/Main.storyboard; sourceTree = "<group>"; };
		92548F2C1E8BFFBE006F21A2 /* DreamLister.xcdatamodel */ = {isa = PBXFileReference; lastKnownFileType = wrapper.xcdatamodel; path = DreamLister.xcdatamodel; sourceTree = "<group>"; };
		92548F2E1E8BFFBE006F21A2 /* Assets.xcassets */ = {isa = PBXFileReference; lastKnownFileType = folder.assetcatalog; path = Assets.xcassets; sourceTree = "<group>"; };
		92548F311E8BFFBE006F21A2 /* Base */ = {isa = PBXFileReference; lastKnownFileType = file.storyboard; name = Base; path = Base.lproj/LaunchScreen.storyboard; sourceTree = "<group>"; };
		92548F331E8BFFBE006F21A2 /* Info.plist */ = {isa = PBXFileReference; lastKnownFileType = text.plist.xml; path = Info.plist; sourceTree = "<group>"; };
		929813891E8C0A620002E300 /* Store+CoreDataClass.swift */ = {isa = PBXFileReference; fileEncoding = 4; lastKnownFileType = sourcecode.swift; path = "Store+CoreDataClass.swift"; sourceTree = "<group>"; };
		9298138A1E8C0A620002E300 /* Store+CoreDataProperties.swift */ = {isa = PBXFileReference; fileEncoding = 4; lastKnownFileType = sourcecode.swift; path = "Store+CoreDataProperties.swift"; sourceTree = "<group>"; };
		9298138B1E8C0A620002E300 /* ItemType+CoreDataClass.swift */ = {isa = PBXFileReference; fileEncoding = 4; lastKnownFileType = sourcecode.swift; path = "ItemType+CoreDataClass.swift"; sourceTree = "<group>"; };
		9298138C1E8C0A620002E300 /* ItemType+CoreDataProperties.swift */ = {isa = PBXFileReference; fileEncoding = 4; lastKnownFileType = sourcecode.swift; path = "ItemType+CoreDataProperties.swift"; sourceTree = "<group>"; };
		9298138D1E8C0A620002E300 /* Image+CoreDataClass.swift */ = {isa = PBXFileReference; fileEncoding = 4; lastKnownFileType = sourcecode.swift; path = "Image+CoreDataClass.swift"; sourceTree = "<group>"; };
		9298138E1E8C0A620002E300 /* Image+CoreDataProperties.swift */ = {isa = PBXFileReference; fileEncoding = 4; lastKnownFileType = sourcecode.swift; path = "Image+CoreDataProperties.swift"; sourceTree = "<group>"; };
		9298138F1E8C0A620002E300 /* Item+CoreDataClass.swift */ = {isa = PBXFileReference; fileEncoding = 4; lastKnownFileType = sourcecode.swift; path = "Item+CoreDataClass.swift"; sourceTree = "<group>"; };
		929813901E8C0A620002E300 /* Item+CoreDataProperties.swift */ = {isa = PBXFileReference; fileEncoding = 4; lastKnownFileType = sourcecode.swift; path = "Item+CoreDataProperties.swift"; sourceTree = "<group>"; };
		9298139C1E8C2CD30002E300 /* MaterialView.swift */ = {isa = PBXFileReference; fileEncoding = 4; lastKnownFileType = sourcecode.swift; path = MaterialView.swift; sourceTree = "<group>"; };
		9298139E1E8C357C0002E300 /* ItemCell.swift */ = {isa = PBXFileReference; fileEncoding = 4; lastKnownFileType = sourcecode.swift; path = ItemCell.swift; sourceTree = "<group>"; };
		929813A11E8C60AE0002E300 /* ItemDetailsVC.swift */ = {isa = PBXFileReference; fileEncoding = 4; lastKnownFileType = sourcecode.swift; path = ItemDetailsVC.swift; sourceTree = "<group>"; };
		929813A31E8C63F10002E300 /* CustomTextField.swift */ = {isa = PBXFileReference; fileEncoding = 4; lastKnownFileType = sourcecode.swift; path = CustomTextField.swift; sourceTree = "<group>"; };
/* End PBXFileReference section */

/* Begin PBXFrameworksBuildPhase section */
		92548F1E1E8BFFBE006F21A2 /* Frameworks */ = {
			isa = PBXFrameworksBuildPhase;
			buildActionMask = 2147483647;
			files = (
			);
			runOnlyForDeploymentPostprocessing = 0;
		};
/* End PBXFrameworksBuildPhase section */

/* Begin PBXGroup section */
		92548F181E8BFFBE006F21A2 = {
			isa = PBXGroup;
			children = (
				92548F231E8BFFBE006F21A2 /* DreamLister */,
				92548F221E8BFFBE006F21A2 /* Products */,
			);
			sourceTree = "<group>";
		};
		92548F221E8BFFBE006F21A2 /* Products */ = {
			isa = PBXGroup;
			children = (
				92548F211E8BFFBE006F21A2 /* DreamLister.app */,
			);
			name = Products;
			sourceTree = "<group>";
		};
		92548F231E8BFFBE006F21A2 /* DreamLister */ = {
			isa = PBXGroup;
			children = (
				9298139B1E8C2B390002E300 /* View */,
				929813871E8C08580002E300 /* Model */,
				92548F241E8BFFBE006F21A2 /* AppDelegate.swift */,
				929813A01E8C60860002E300 /* Controller */,
				92548F281E8BFFBE006F21A2 /* Main.storyboard */,
				92548F2E1E8BFFBE006F21A2 /* Assets.xcassets */,
				92548F301E8BFFBE006F21A2 /* LaunchScreen.storyboard */,
				92548F331E8BFFBE006F21A2 /* Info.plist */,
				92548F2B1E8BFFBE006F21A2 /* DreamLister.xcdatamodeld */,
			);
			path = DreamLister;
			sourceTree = "<group>";
		};
		929813871E8C08580002E300 /* Model */ = {
			isa = PBXGroup;
			children = (
				929813891E8C0A620002E300 /* Store+CoreDataClass.swift */,
				9298138B1E8C0A620002E300 /* ItemType+CoreDataClass.swift */,
				9298138D1E8C0A620002E300 /* Image+CoreDataClass.swift */,
				9298138F1E8C0A620002E300 /* Item+CoreDataClass.swift */,
				929813881E8C08670002E300 /* Generated */,
			);
			name = Model;
			sourceTree = "<group>";
		};
		929813881E8C08670002E300 /* Generated */ = {
			isa = PBXGroup;
			children = (
				9298138A1E8C0A620002E300 /* Store+CoreDataProperties.swift */,
				9298138C1E8C0A620002E300 /* ItemType+CoreDataProperties.swift */,
				9298138E1E8C0A620002E300 /* Image+CoreDataProperties.swift */,
				929813901E8C0A620002E300 /* Item+CoreDataProperties.swift */,
			);
			name = Generated;
			sourceTree = "<group>";
		};
		9298139B1E8C2B390002E300 /* View */ = {
			isa = PBXGroup;
			children = (
				9298139C1E8C2CD30002E300 /* MaterialView.swift */,
				9298139E1E8C357C0002E300 /* ItemCell.swift */,
				929813A31E8C63F10002E300 /* CustomTextField.swift */,
			);
			name = View;
			sourceTree = "<group>";
		};
		929813A01E8C60860002E300 /* Controller */ = {
			isa = PBXGroup;
			children = (
				92548F261E8BFFBE006F21A2 /* MainVC.swift */,
				929813A11E8C60AE0002E300 /* ItemDetailsVC.swift */,
			);
			name = Controller;
			sourceTree = "<group>";
		};
/* End PBXGroup section */

/* Begin PBXNativeTarget section */
		92548F201E8BFFBE006F21A2 /* DreamLister */ = {
			isa = PBXNativeTarget;
			buildConfigurationList = 92548F361E8BFFBE006F21A2 /* Build configuration list for PBXNativeTarget "DreamLister" */;
			buildPhases = (
				92548F1D1E8BFFBE006F21A2 /* Sources */,
				92548F1E1E8BFFBE006F21A2 /* Frameworks */,
				92548F1F1E8BFFBE006F21A2 /* Resources */,
			);
			buildRules = (
			);
			dependencies = (
			);
			name = DreamLister;
			productName = DreamLister;
			productReference = 92548F211E8BFFBE006F21A2 /* DreamLister.app */;
			productType = "com.apple.product-type.application";
		};
/* End PBXNativeTarget section */

/* Begin PBXProject section */
		92548F191E8BFFBE006F21A2 /* Project object */ = {
			isa = PBXProject;
			attributes = {
				LastSwiftUpdateCheck = 0820;
				LastUpgradeCheck = 0820;
				ORGANIZATIONNAME = "Chi-Ying Leung";
				TargetAttributes = {
					92548F201E8BFFBE006F21A2 = {
						CreatedOnToolsVersion = 8.2.1;
						DevelopmentTeam = SZZL343FSD;
						ProvisioningStyle = Automatic;
					};
				};
			};
			buildConfigurationList = 92548F1C1E8BFFBE006F21A2 /* Build configuration list for PBXProject "DreamLister" */;
			compatibilityVersion = "Xcode 3.2";
			developmentRegion = English;
			hasScannedForEncodings = 0;
			knownRegions = (
				en,
				Base,
			);
			mainGroup = 92548F181E8BFFBE006F21A2;
			productRefGroup = 92548F221E8BFFBE006F21A2 /* Products */;
			projectDirPath = "";
			projectRoot = "";
			targets = (
				92548F201E8BFFBE006F21A2 /* DreamLister */,
			);
		};
/* End PBXProject section */

/* Begin PBXResourcesBuildPhase section */
		92548F1F1E8BFFBE006F21A2 /* Resources */ = {
			isa = PBXResourcesBuildPhase;
			buildActionMask = 2147483647;
			files = (
				92548F321E8BFFBE006F21A2 /* LaunchScreen.storyboard in Resources */,
				92548F2F1E8BFFBE006F21A2 /* Assets.xcassets in Resources */,
				92548F2A1E8BFFBE006F21A2 /* Main.storyboard in Resources */,
			);
			runOnlyForDeploymentPostprocessing = 0;
		};
/* End PBXResourcesBuildPhase section */

/* Begin PBXSourcesBuildPhase section */
		92548F1D1E8BFFBE006F21A2 /* Sources */ = {
			isa = PBXSourcesBuildPhase;
			buildActionMask = 2147483647;
			files = (
				9298139F1E8C357C0002E300 /* ItemCell.swift in Sources */,
				929813971E8C0A620002E300 /* Item+CoreDataClass.swift in Sources */,
				929813961E8C0A620002E300 /* Image+CoreDataProperties.swift in Sources */,
				929813931E8C0A620002E300 /* ItemType+CoreDataClass.swift in Sources */,
				9298139D1E8C2CD30002E300 /* MaterialView.swift in Sources */,
				929813921E8C0A620002E300 /* Store+CoreDataProperties.swift in Sources */,
				92548F271E8BFFBE006F21A2 /* MainVC.swift in Sources */,
				929813951E8C0A620002E300 /* Image+CoreDataClass.swift in Sources */,
				929813A21E8C60AE0002E300 /* ItemDetailsVC.swift in Sources */,
				929813911E8C0A620002E300 /* Store+CoreDataClass.swift in Sources */,
				92548F251E8BFFBE006F21A2 /* AppDelegate.swift in Sources */,
				929813941E8C0A620002E300 /* ItemType+CoreDataProperties.swift in Sources */,
				929813981E8C0A620002E300 /* Item+CoreDataProperties.swift in Sources */,
				92548F2D1E8BFFBE006F21A2 /* DreamLister.xcdatamodeld in Sources */,
				929813A41E8C63F10002E300 /* CustomTextField.swift in Sources */,
			);
			runOnlyForDeploymentPostprocessing = 0;
		};
/* End PBXSourcesBuildPhase section */

/* Begin PBXVariantGroup section */
		92548F281E8BFFBE006F21A2 /* Main.storyboard */ = {
			isa = PBXVariantGroup;
			children = (
				92548F291E8BFFBE006F21A2 /* Base */,
			);
			name = Main.storyboard;
			sourceTree = "<group>";
		};
		92548F301E8BFFBE006F21A2 /* LaunchScreen.storyboard */ = {
			isa = PBXVariantGroup;
			children = (
				92548F311E8BFFBE006F21A2 /* Base */,
			);
			name = LaunchScreen.storyboard;
			sourceTree = "<group>";
		};
/* End PBXVariantGroup section */

/* Begin XCBuildConfiguration section */
		92548F341E8BFFBE006F21A2 /* Debug */ = {
			isa = XCBuildConfiguration;
			buildSettings = {
				ALWAYS_SEARCH_USER_PATHS = NO;
				CLANG_ANALYZER_NONNULL = YES;
				CLANG_CXX_LANGUAGE_STANDARD = "gnu++0x";
				CLANG_CXX_LIBRARY = "libc++";
				CLANG_ENABLE_MODULES = YES;
				CLANG_ENABLE_OBJC_ARC = YES;
				CLANG_WARN_BOOL_CONVERSION = YES;
				CLANG_WARN_CONSTANT_CONVERSION = YES;
				CLANG_WARN_DIRECT_OBJC_ISA_USAGE = YES_ERROR;
				CLANG_WARN_DOCUMENTATION_COMMENTS = YES;
				CLANG_WARN_EMPTY_BODY = YES;
				CLANG_WARN_ENUM_CONVERSION = YES;
				CLANG_WARN_INFINITE_RECURSION = YES;
				CLANG_WARN_INT_CONVERSION = YES;
				CLANG_WARN_OBJC_ROOT_CLASS = YES_ERROR;
				CLANG_WARN_SUSPICIOUS_MOVE = YES;
				CLANG_WARN_UNREACHABLE_CODE = YES;
				CLANG_WARN__DUPLICATE_METHOD_MATCH = YES;
				"CODE_SIGN_IDENTITY[sdk=iphoneos*]" = "iPhone Developer";
				COPY_PHASE_STRIP = NO;
				DEBUG_INFORMATION_FORMAT = dwarf;
				ENABLE_STRICT_OBJC_MSGSEND = YES;
				ENABLE_TESTABILITY = YES;
				GCC_C_LANGUAGE_STANDARD = gnu99;
				GCC_DYNAMIC_NO_PIC = NO;
				GCC_NO_COMMON_BLOCKS = YES;
				GCC_OPTIMIZATION_LEVEL = 0;
				GCC_PREPROCESSOR_DEFINITIONS = (
					"DEBUG=1",
					"$(inherited)",
				);
				GCC_WARN_64_TO_32_BIT_CONVERSION = YES;
				GCC_WARN_ABOUT_RETURN_TYPE = YES_ERROR;
				GCC_WARN_UNDECLARED_SELECTOR = YES;
				GCC_WARN_UNINITIALIZED_AUTOS = YES_AGGRESSIVE;
				GCC_WARN_UNUSED_FUNCTION = YES;
				GCC_WARN_UNUSED_VARIABLE = YES;
				IPHONEOS_DEPLOYMENT_TARGET = 10.2;
				MTL_ENABLE_DEBUG_INFO = YES;
				ONLY_ACTIVE_ARCH = YES;
				SDKROOT = iphoneos;
				SWIFT_ACTIVE_COMPILATION_CONDITIONS = DEBUG;
				SWIFT_OPTIMIZATION_LEVEL = "-Onone";
				TARGETED_DEVICE_FAMILY = "1,2";
			};
			name = Debug;
		};
		92548F351E8BFFBE006F21A2 /* Release */ = {
			isa = XCBuildConfiguration;
			buildSettings = {
				ALWAYS_SEARCH_USER_PATHS = NO;
				CLANG_ANALYZER_NONNULL = YES;
				CLANG_CXX_LANGUAGE_STANDARD = "gnu++0x";
				CLANG_CXX_LIBRARY = "libc++";
				CLANG_ENABLE_MODULES = YES;
				CLANG_ENABLE_OBJC_ARC = YES;
				CLANG_WARN_BOOL_CONVERSION = YES;
				CLANG_WARN_CONSTANT_CONVERSION = YES;
				CLANG_WARN_DIRECT_OBJC_ISA_USAGE = YES_ERROR;
				CLANG_WARN_DOCUMENTATION_COMMENTS = YES;
				CLANG_WARN_EMPTY_BODY = YES;
				CLANG_WARN_ENUM_CONVERSION = YES;
				CLANG_WARN_INFINITE_RECURSION = YES;
				CLANG_WARN_INT_CONVERSION = YES;
				CLANG_WARN_OBJC_ROOT_CLASS = YES_ERROR;
				CLANG_WARN_SUSPICIOUS_MOVE = YES;
				CLANG_WARN_UNREACHABLE_CODE = YES;
				CLANG_WARN__DUPLICATE_METHOD_MATCH = YES;
				"CODE_SIGN_IDENTITY[sdk=iphoneos*]" = "iPhone Developer";
				COPY_PHASE_STRIP = NO;
				DEBUG_INFORMATION_FORMAT = "dwarf-with-dsym";
				ENABLE_NS_ASSERTIONS = NO;
				ENABLE_STRICT_OBJC_MSGSEND = YES;
				GCC_C_LANGUAGE_STANDARD = gnu99;
				GCC_NO_COMMON_BLOCKS = YES;
				GCC_WARN_64_TO_32_BIT_CONVERSION = YES;
				GCC_WARN_ABOUT_RETURN_TYPE = YES_ERROR;
				GCC_WARN_UNDECLARED_SELECTOR = YES;
				GCC_WARN_UNINITIALIZED_AUTOS = YES_AGGRESSIVE;
				GCC_WARN_UNUSED_FUNCTION = YES;
				GCC_WARN_UNUSED_VARIABLE = YES;
				IPHONEOS_DEPLOYMENT_TARGET = 10.2;
				MTL_ENABLE_DEBUG_INFO = NO;
				SDKROOT = iphoneos;
				SWIFT_OPTIMIZATION_LEVEL = "-Owholemodule";
				TARGETED_DEVICE_FAMILY = "1,2";
				VALIDATE_PRODUCT = YES;
			};
			name = Release;
		};
		92548F371E8BFFBE006F21A2 /* Debug */ = {
			isa = XCBuildConfiguration;
			buildSettings = {
				ASSETCATALOG_COMPILER_APPICON_NAME = AppIcon;
				"CODE_SIGN_IDENTITY[sdk=iphoneos*]" = "iPhone Developer";
				DEVELOPMENT_TEAM = SZZL343FSD;
				INFOPLIST_FILE = DreamLister/Info.plist;
				LD_RUNPATH_SEARCH_PATHS = "$(inherited) @executable_path/Frameworks";
				PRODUCT_BUNDLE_IDENTIFIER = com.DreamLister.Chi;
				PRODUCT_NAME = "$(TARGET_NAME)";
				SWIFT_VERSION = 3.0;
			};
			name = Debug;
		};
		92548F381E8BFFBE006F21A2 /* Release */ = {
			isa = XCBuildConfiguration;
			buildSettings = {
				ASSETCATALOG_COMPILER_APPICON_NAME = AppIcon;
				"CODE_SIGN_IDENTITY[sdk=iphoneos*]" = "iPhone Developer";
				DEVELOPMENT_TEAM = SZZL343FSD;
				INFOPLIST_FILE = DreamLister/Info.plist;
				LD_RUNPATH_SEARCH_PATHS = "$(inherited) @executable_path/Frameworks";
				PRODUCT_BUNDLE_IDENTIFIER = com.DreamLister.Chi;
				PRODUCT_NAME = "$(TARGET_NAME)";
				SWIFT_OPTIMIZATION_LEVEL = "-Onone";
				SWIFT_VERSION = 3.0;
			};
			name = Release;
		};
/* End XCBuildConfiguration section */

/* Begin XCConfigurationList section */
		92548F1C1E8BFFBE006F21A2 /* Build configuration list for PBXProject "DreamLister" */ = {
			isa = XCConfigurationList;
			buildConfigurations = (
				92548F341E8BFFBE006F21A2 /* Debug */,
				92548F351E8BFFBE006F21A2 /* Release */,
			);
			defaultConfigurationIsVisible = 0;
			defaultConfigurationName = Release;
		};
		92548F361E8BFFBE006F21A2 /* Build configuration list for PBXNativeTarget "DreamLister" */ = {
			isa = XCConfigurationList;
			buildConfigurations = (
				92548F371E8BFFBE006F21A2 /* Debug */,
				92548F381E8BFFBE006F21A2 /* Release */,
			);
			defaultConfigurationIsVisible = 0;
			defaultConfigurationName = Release;
		};
/* End XCConfigurationList section */

/* Begin XCVersionGroup section */
		92548F2B1E8BFFBE006F21A2 /* DreamLister.xcdatamodeld */ = {
			isa = XCVersionGroup;
			children = (
				92548F2C1E8BFFBE006F21A2 /* DreamLister.xcdatamodel */,
			);
			currentVersion = 92548F2C1E8BFFBE006F21A2 /* DreamLister.xcdatamodel */;
			path = DreamLister.xcdatamodeld;
			sourceTree = "<group>";
			versionGroupType = wrapper.xcdatamodel;
		};
/* End XCVersionGroup section */
	};
	rootObject = 92548F191E8BFFBE006F21A2 /* Project object */;
}
